
Microsoft Visual Studio Solution File, Format Version 12.00
# Visual Studio Version 17
VisualStudioVersion = 17.5.33530.505
MinimumVisualStudioVersion = 10.0.40219.1
Project("{F184B08F-C81C-45F6-A57F-5ABD9991F28F}") = "DialUpSimulator", "DialUpSimulator\DialUpSimulator.vbproj", "{E915A62E-B500-4EC5-ADCD-C7DF3E1AC122}"
EndProject
Project("{FAE04EC0-301F-11D3-BF4B-00C04F79EFBC}") = "DialUpSim", "DialUpSim\DialUpSim.csproj", "{D67EC40D-9BA5-4653-AF3F-340D53794EFC}"
EndProject
Global
	GlobalSection(SolutionConfigurationPlatforms) = preSolution
		Debug|Any CPU = Debug|Any CPU
		Release|Any CPU = Release|Any CPU
	EndGlobalSection
	GlobalSection(ProjectConfigurationPlatforms) = postSolution
		{E915A62E-B500-4EC5-ADCD-C7DF3E1AC122}.Debug|Any CPU.ActiveCfg = Debug|Any CPU
		{E915A62E-B500-4EC5-ADCD-C7DF3E1AC122}.Debug|Any CPU.Build.0 = Debug|Any CPU
		{E915A62E-B500-4EC5-ADCD-C7DF3E1AC122}.Release|Any CPU.ActiveCfg = Release|Any CPU
		{E915A62E-B500-4EC5-ADCD-C7DF3E1AC122}.Release|Any CPU.Build.0 = Release|Any CPU
		{D67EC40D-9BA5-4653-AF3F-340D53794EFC}.Debug|Any CPU.ActiveCfg = Debug|Any CPU
		{D67EC40D-9BA5-4653-AF3F-340D53794EFC}.Debug|Any CPU.Build.0 = Debug|Any CPU
		{D67EC40D-9BA5-4653-AF3F-340D53794EFC}.Release|Any CPU.ActiveCfg = Release|Any CPU
		{D67EC40D-9BA5-4653-AF3F-340D53794EFC}.Release|Any CPU.Build.0 = Release|Any CPU
	EndGlobalSection
	GlobalSection(SolutionProperties) = preSolution
		HideSolutionNode = FALSE
	EndGlobalSection
EndGlobal
